
Microsoft Visual Studio Solution File, Format Version 12.00
# Visual Studio 14
VisualStudioVersion = 14.0.25123.0
MinimumVisualStudioVersion = 10.0.40219.1
Project("{FAE04EC0-301F-11D3-BF4B-00C04F79EFBC}") = "Watermelon", "Watermelon\Watermelon.csproj", "{DC62D632-F299-4446-8DD9-1E104E43A078}"
EndProject
Project("{FAE04EC0-301F-11D3-BF4B-00C04F79EFBC}") = "FarmersLand", "FarmersLand\FarmersLand.csproj", "{B686C68E-DCBE-406B-A914-0460A6B879EA}"
EndProject
Project("{FAE04EC0-301F-11D3-BF4B-00C04F79EFBC}") = "FizzBuzz", "FizzBuzz\FizzBuzz.csproj", "{49CB31C2-C41C-46D3-824B-57E25585AFA3}"
EndProject
Global
	GlobalSection(SolutionConfigurationPlatforms) = preSolution
		Debug|Any CPU = Debug|Any CPU
		Release|Any CPU = Release|Any CPU
	EndGlobalSection
	GlobalSection(ProjectConfigurationPlatforms) = postSolution
		{DC62D632-F299-4446-8DD9-1E104E43A078}.Debug|Any CPU.ActiveCfg = Debug|Any CPU
		{DC62D632-F299-4446-8DD9-1E104E43A078}.Debug|Any CPU.Build.0 = Debug|Any CPU
		{DC62D632-F299-4446-8DD9-1E104E43A078}.Release|Any CPU.ActiveCfg = Release|Any CPU
		{DC62D632-F299-4446-8DD9-1E104E43A078}.Release|Any CPU.Build.0 = Release|Any CPU
		{B686C68E-DCBE-406B-A914-0460A6B879EA}.Debug|Any CPU.ActiveCfg = Debug|Any CPU
		{B686C68E-DCBE-406B-A914-0460A6B879EA}.Debug|Any CPU.Build.0 = Debug|Any CPU
		{B686C68E-DCBE-406B-A914-0460A6B879EA}.Release|Any CPU.ActiveCfg = Release|Any CPU
		{B686C68E-DCBE-406B-A914-0460A6B879EA}.Release|Any CPU.Build.0 = Release|Any CPU
		{49CB31C2-C41C-46D3-824B-57E25585AFA3}.Debug|Any CPU.ActiveCfg = Debug|Any CPU
		{49CB31C2-C41C-46D3-824B-57E25585AFA3}.Debug|Any CPU.Build.0 = Debug|Any CPU
		{49CB31C2-C41C-46D3-824B-57E25585AFA3}.Release|Any CPU.ActiveCfg = Release|Any CPU
		{49CB31C2-C41C-46D3-824B-57E25585AFA3}.Release|Any CPU.Build.0 = Release|Any CPU
	EndGlobalSection
	GlobalSection(SolutionProperties) = preSolution
		HideSolutionNode = FALSE
	EndGlobalSection
EndGlobal
